// !$*UTF8*$!
{
	archiveVersion = 1;
	classes = {
	};
	objectVersion = 50;
	objects = {

/* Begin PBXBuildFile section */
		8BCD7ABC223B6A1F0016D8B7 /* AppDelegate.m in Sources */ = {isa = PBXBuildFile; fileRef = 8BCD7ABB223B6A1F0016D8B7 /* AppDelegate.m */; };
		8BCD7ABF223B6A1F0016D8B7 /* ViewController.m in Sources */ = {isa = PBXBuildFile; fileRef = 8BCD7ABE223B6A1F0016D8B7 /* ViewController.m */; };
		8BCD7AC2223B6A1F0016D8B7 /* Main.storyboard in Resources */ = {isa = PBXBuildFile; fileRef = 8BCD7AC0223B6A1F0016D8B7 /* Main.storyboard */; };
		8BCD7AC4223B6A250016D8B7 /* Assets.xcassets in Resources */ = {isa = PBXBuildFile; fileRef = 8BCD7AC3223B6A250016D8B7 /* Assets.xcassets */; };
		8BCD7AC7223B6A250016D8B7 /* LaunchScreen.storyboard in Resources */ = {isa = PBXBuildFile; fileRef = 8BCD7AC5223B6A250016D8B7 /* LaunchScreen.storyboard */; };
		8BCD7ACA223B6A250016D8B7 /* main.m in Sources */ = {isa = PBXBuildFile; fileRef = 8BCD7AC9223B6A250016D8B7 /* main.m */; };
		8BCD7AD4223B6A250016D8B7 /* DragNDropTestTests.m in Sources */ = {isa = PBXBuildFile; fileRef = 8BCD7AD3223B6A250016D8B7 /* DragNDropTestTests.m */; };
		8BCD7ADF223B6A250016D8B7 /* DragNDropTestUITests.m in Sources */ = {isa = PBXBuildFile; fileRef = 8BCD7ADE223B6A250016D8B7 /* DragNDropTestUITests.m */; };
/* End PBXBuildFile section */

/* Begin PBXContainerItemProxy section */
		8BCD7AD0223B6A250016D8B7 /* PBXContainerItemProxy */ = {
			isa = PBXContainerItemProxy;
			containerPortal = 8BCD7AAF223B6A1F0016D8B7 /* Project object */;
			proxyType = 1;
			remoteGlobalIDString = 8BCD7AB6223B6A1F0016D8B7;
			remoteInfo = DragNDropTest;
		};
		8BCD7ADB223B6A250016D8B7 /* PBXContainerItemProxy */ = {
			isa = PBXContainerItemProxy;
			containerPortal = 8BCD7AAF223B6A1F0016D8B7 /* Project object */;
			proxyType = 1;
			remoteGlobalIDString = 8BCD7AB6223B6A1F0016D8B7;
			remoteInfo = DragNDropTest;
		};
/* End PBXContainerItemProxy section */

/* Begin PBXFileReference section */
		8BCD7AB7223B6A1F0016D8B7 /* DragNDropTest.app */ = {isa = PBXFileReference; explicitFileType = wrapper.application; includeInIndex = 0; path = DragNDropTest.app; sourceTree = BUILT_PRODUCTS_DIR; };
		8BCD7ABA223B6A1F0016D8B7 /* AppDelegate.h */ = {isa = PBXFileReference; lastKnownFileType = sourcecode.c.h; path = AppDelegate.h; sourceTree = "<group>"; };
		8BCD7ABB223B6A1F0016D8B7 /* AppDelegate.m */ = {isa = PBXFileReference; lastKnownFileType = sourcecode.c.objc; path = AppDelegate.m; sourceTree = "<group>"; };
		8BCD7ABD223B6A1F0016D8B7 /* ViewController.h */ = {isa = PBXFileReference; lastKnownFileType = sourcecode.c.h; path = ViewController.h; sourceTree = "<group>"; };
		8BCD7ABE223B6A1F0016D8B7 /* ViewController.m */ = {isa = PBXFileReference; lastKnownFileType = sourcecode.c.objc; path = ViewController.m; sourceTree = "<group>"; };
		8BCD7AC1223B6A1F0016D8B7 /* Base */ = {isa = PBXFileReference; lastKnownFileType = file.storyboard; name = Base; path = Base.lproj/Main.storyboard; sourceTree = "<group>"; };
		8BCD7AC3223B6A250016D8B7 /* Assets.xcassets */ = {isa = PBXFileReference; lastKnownFileType = folder.assetcatalog; path = Assets.xcassets; sourceTree = "<group>"; };
		8BCD7AC6223B6A250016D8B7 /* Base */ = {isa = PBXFileReference; lastKnownFileType = file.storyboard; name = Base; path = Base.lproj/LaunchScreen.storyboard; sourceTree = "<group>"; };
		8BCD7AC8223B6A250016D8B7 /* Info.plist */ = {isa = PBXFileReference; lastKnownFileType = text.plist.xml; path = Info.plist; sourceTree = "<group>"; };
		8BCD7AC9223B6A250016D8B7 /* main.m */ = {isa = PBXFileReference; lastKnownFileType = sourcecode.c.objc; path = main.m; sourceTree = "<group>"; };
		8BCD7ACF223B6A250016D8B7 /* DragNDropTestTests.xctest */ = {isa = PBXFileReference; explicitFileType = wrapper.cfbundle; includeInIndex = 0; path = DragNDropTestTests.xctest; sourceTree = BUILT_PRODUCTS_DIR; };
		8BCD7AD3223B6A250016D8B7 /* DragNDropTestTests.m */ = {isa = PBXFileReference; lastKnownFileType = sourcecode.c.objc; path = DragNDropTestTests.m; sourceTree = "<group>"; };
		8BCD7AD5223B6A250016D8B7 /* Info.plist */ = {isa = PBXFileReference; lastKnownFileType = text.plist.xml; path = Info.plist; sourceTree = "<group>"; };
		8BCD7ADA223B6A250016D8B7 /* DragNDropTestUITests.xctest */ = {isa = PBXFileReference; explicitFileType = wrapper.cfbundle; includeInIndex = 0; path = DragNDropTestUITests.xctest; sourceTree = BUILT_PRODUCTS_DIR; };
		8BCD7ADE223B6A250016D8B7 /* DragNDropTestUITests.m */ = {isa = PBXFileReference; lastKnownFileType = sourcecode.c.objc; path = DragNDropTestUITests.m; sourceTree = "<group>"; };
		8BCD7AE0223B6A250016D8B7 /* Info.plist */ = {isa = PBXFileReference; lastKnownFileType = text.plist.xml; path = Info.plist; sourceTree = "<group>"; };
/* End PBXFileReference section */

/* Begin PBXFrameworksBuildPhase section */
		8BCD7AB4223B6A1F0016D8B7 /* Frameworks */ = {
			isa = PBXFrameworksBuildPhase;
			buildActionMask = 2147483647;
			files = (
			);
			runOnlyForDeploymentPostprocessing = 0;
		};
		8BCD7ACC223B6A250016D8B7 /* Frameworks */ = {
			isa = PBXFrameworksBuildPhase;
			buildActionMask = 2147483647;
			files = (
			);
			runOnlyForDeploymentPostprocessing = 0;
		};
		8BCD7AD7223B6A250016D8B7 /* Frameworks */ = {
			isa = PBXFrameworksBuildPhase;
			buildActionMask = 2147483647;
			files = (
			);
			runOnlyForDeploymentPostprocessing = 0;
		};
/* End PBXFrameworksBuildPhase section */

/* Begin PBXGroup section */
		8BCD7AAE223B6A1F0016D8B7 = {
			isa = PBXGroup;
			children = (
				8BCD7AB9223B6A1F0016D8B7 /* DragNDropTest */,
				8BCD7AD2223B6A250016D8B7 /* DragNDropTestTests */,
				8BCD7ADD223B6A250016D8B7 /* DragNDropTestUITests */,
				8BCD7AB8223B6A1F0016D8B7 /* Products */,
			);
			sourceTree = "<group>";
		};
		8BCD7AB8223B6A1F0016D8B7 /* Products */ = {
			isa = PBXGroup;
			children = (
				8BCD7AB7223B6A1F0016D8B7 /* DragNDropTest.app */,
				8BCD7ACF223B6A250016D8B7 /* DragNDropTestTests.xctest */,
				8BCD7ADA223B6A250016D8B7 /* DragNDropTestUITests.xctest */,
			);
			name = Products;
			sourceTree = "<group>";
		};
		8BCD7AB9223B6A1F0016D8B7 /* DragNDropTest */ = {
			isa = PBXGroup;
			children = (
				8BCD7ABA223B6A1F0016D8B7 /* AppDelegate.h */,
				8BCD7ABB223B6A1F0016D8B7 /* AppDelegate.m */,
				8BCD7ABD223B6A1F0016D8B7 /* ViewController.h */,
				8BCD7ABE223B6A1F0016D8B7 /* ViewController.m */,
				8BCD7AC0223B6A1F0016D8B7 /* Main.storyboard */,
				8BCD7AC3223B6A250016D8B7 /* Assets.xcassets */,
				8BCD7AC5223B6A250016D8B7 /* LaunchScreen.storyboard */,
				8BCD7AC8223B6A250016D8B7 /* Info.plist */,
				8BCD7AC9223B6A250016D8B7 /* main.m */,
			);
			path = DragNDropTest;
			sourceTree = "<group>";
		};
		8BCD7AD2223B6A250016D8B7 /* DragNDropTestTests */ = {
			isa = PBXGroup;
			children = (
				8BCD7AD3223B6A250016D8B7 /* DragNDropTestTests.m */,
				8BCD7AD5223B6A250016D8B7 /* Info.plist */,
			);
			path = DragNDropTestTests;
			sourceTree = "<group>";
		};
		8BCD7ADD223B6A250016D8B7 /* DragNDropTestUITests */ = {
			isa = PBXGroup;
			children = (
				8BCD7ADE223B6A250016D8B7 /* DragNDropTestUITests.m */,
				8BCD7AE0223B6A250016D8B7 /* Info.plist */,
			);
			path = DragNDropTestUITests;
			sourceTree = "<group>";
		};
/* End PBXGroup section */

/* Begin PBXNativeTarget section */
		8BCD7AB6223B6A1F0016D8B7 /* DragNDropTest */ = {
			isa = PBXNativeTarget;
			buildConfigurationList = 8BCD7AE3223B6A250016D8B7 /* Build configuration list for PBXNativeTarget "DragNDropTest" */;
			buildPhases = (
				8BCD7AB3223B6A1F0016D8B7 /* Sources */,
				8BCD7AB4223B6A1F0016D8B7 /* Frameworks */,
				8BCD7AB5223B6A1F0016D8B7 /* Resources */,
			);
			buildRules = (
			);
			dependencies = (
			);
			name = DragNDropTest;
			productName = DragNDropTest;
			productReference = 8BCD7AB7223B6A1F0016D8B7 /* DragNDropTest.app */;
			productType = "com.apple.product-type.application";
		};
		8BCD7ACE223B6A250016D8B7 /* DragNDropTestTests */ = {
			isa = PBXNativeTarget;
			buildConfigurationList = 8BCD7AE6223B6A250016D8B7 /* Build configuration list for PBXNativeTarget "DragNDropTestTests" */;
			buildPhases = (
				8BCD7ACB223B6A250016D8B7 /* Sources */,
				8BCD7ACC223B6A250016D8B7 /* Frameworks */,
				8BCD7ACD223B6A250016D8B7 /* Resources */,
			);
			buildRules = (
			);
			dependencies = (
				8BCD7AD1223B6A250016D8B7 /* PBXTargetDependency */,
			);
			name = DragNDropTestTests;
			productName = DragNDropTestTests;
			productReference = 8BCD7ACF223B6A250016D8B7 /* DragNDropTestTests.xctest */;
			productType = "com.apple.product-type.bundle.unit-test";
		};
		8BCD7AD9223B6A250016D8B7 /* DragNDropTestUITests */ = {
			isa = PBXNativeTarget;
			buildConfigurationList = 8BCD7AE9223B6A250016D8B7 /* Build configuration list for PBXNativeTarget "DragNDropTestUITests" */;
			buildPhases = (
				8BCD7AD6223B6A250016D8B7 /* Sources */,
				8BCD7AD7223B6A250016D8B7 /* Frameworks */,
				8BCD7AD8223B6A250016D8B7 /* Resources */,
			);
			buildRules = (
			);
			dependencies = (
				8BCD7ADC223B6A250016D8B7 /* PBXTargetDependency */,
			);
			name = DragNDropTestUITests;
			productName = DragNDropTestUITests;
			productReference = 8BCD7ADA223B6A250016D8B7 /* DragNDropTestUITests.xctest */;
			productType = "com.apple.product-type.bundle.ui-testing";
		};
/* End PBXNativeTarget section */

/* Begin PBXProject section */
		8BCD7AAF223B6A1F0016D8B7 /* Project object */ = {
			isa = PBXProject;
			attributes = {
				LastUpgradeCheck = 1010;
				ORGANIZATIONNAME = "Сергей Лепинин";
				TargetAttributes = {
					8BCD7AB6223B6A1F0016D8B7 = {
						CreatedOnToolsVersion = 10.1;
					};
					8BCD7ACE223B6A250016D8B7 = {
						CreatedOnToolsVersion = 10.1;
						TestTargetID = 8BCD7AB6223B6A1F0016D8B7;
					};
					8BCD7AD9223B6A250016D8B7 = {
						CreatedOnToolsVersion = 10.1;
						TestTargetID = 8BCD7AB6223B6A1F0016D8B7;
					};
				};
			};
			buildConfigurationList = 8BCD7AB2223B6A1F0016D8B7 /* Build configuration list for PBXProject "DragNDropTest" */;
			compatibilityVersion = "Xcode 9.3";
			developmentRegion = en;
			hasScannedForEncodings = 0;
			knownRegions = (
				en,
				Base,
			);
			mainGroup = 8BCD7AAE223B6A1F0016D8B7;
			productRefGroup = 8BCD7AB8223B6A1F0016D8B7 /* Products */;
			projectDirPath = "";
			projectRoot = "";
			targets = (
				8BCD7AB6223B6A1F0016D8B7 /* DragNDropTest */,
				8BCD7ACE223B6A250016D8B7 /* DragNDropTestTests */,
				8BCD7AD9223B6A250016D8B7 /* DragNDropTestUITests */,
			);
		};
/* End PBXProject section */

/* Begin PBXResourcesBuildPhase section */
		8BCD7AB5223B6A1F0016D8B7 /* Resources */ = {
			isa = PBXResourcesBuildPhase;
			buildActionMask = 2147483647;
			files = (
				8BCD7AC7223B6A250016D8B7 /* LaunchScreen.storyboard in Resources */,
				8BCD7AC4223B6A250016D8B7 /* Assets.xcassets in Resources */,
				8BCD7AC2223B6A1F0016D8B7 /* Main.storyboard in Resources */,
			);
			runOnlyForDeploymentPostprocessing = 0;
		};
		8BCD7ACD223B6A250016D8B7 /* Resources */ = {
			isa = PBXResourcesBuildPhase;
			buildActionMask = 2147483647;
			files = (
			);
			runOnlyForDeploymentPostprocessing = 0;
		};
		8BCD7AD8223B6A250016D8B7 /* Resources */ = {
			isa = PBXResourcesBuildPhase;
			buildActionMask = 2147483647;
			files = (
			);
			runOnlyForDeploymentPostprocessing = 0;
		};
/* End PBXResourcesBuildPhase section */

/* Begin PBXSourcesBuildPhase section */
		8BCD7AB3223B6A1F0016D8B7 /* Sources */ = {
			isa = PBXSourcesBuildPhase;
			buildActionMask = 2147483647;
			files = (
				8BCD7ABF223B6A1F0016D8B7 /* ViewController.m in Sources */,
				8BCD7ACA223B6A250016D8B7 /* main.m in Sources */,
				8BCD7ABC223B6A1F0016D8B7 /* AppDelegate.m in Sources */,
			);
			runOnlyForDeploymentPostprocessing = 0;
		};
		8BCD7ACB223B6A250016D8B7 /* Sources */ = {
			isa = PBXSourcesBuildPhase;
			buildActionMask = 2147483647;
			files = (
				8BCD7AD4223B6A250016D8B7 /* DragNDropTestTests.m in Sources */,
			);
			runOnlyForDeploymentPostprocessing = 0;
		};
		8BCD7AD6223B6A250016D8B7 /* Sources */ = {
			isa = PBXSourcesBuildPhase;
			buildActionMask = 2147483647;
			files = (
				8BCD7ADF223B6A250016D8B7 /* DragNDropTestUITests.m in Sources */,
			);
			runOnlyForDeploymentPostprocessing = 0;
		};
/* End PBXSourcesBuildPhase section */

/* Begin PBXTargetDependency section */
		8BCD7AD1223B6A250016D8B7 /* PBXTargetDependency */ = {
			isa = PBXTargetDependency;
			target = 8BCD7AB6223B6A1F0016D8B7 /* DragNDropTest */;
			targetProxy = 8BCD7AD0223B6A250016D8B7 /* PBXContainerItemProxy */;
		};
		8BCD7ADC223B6A250016D8B7 /* PBXTargetDependency */ = {
			isa = PBXTargetDependency;
			target = 8BCD7AB6223B6A1F0016D8B7 /* DragNDropTest */;
			targetProxy = 8BCD7ADB223B6A250016D8B7 /* PBXContainerItemProxy */;
		};
/* End PBXTargetDependency section */

/* Begin PBXVariantGroup section */
		8BCD7AC0223B6A1F0016D8B7 /* Main.storyboard */ = {
			isa = PBXVariantGroup;
			children = (
				8BCD7AC1223B6A1F0016D8B7 /* Base */,
			);
			name = Main.storyboard;
			sourceTree = "<group>";
		};
		8BCD7AC5223B6A250016D8B7 /* LaunchScreen.storyboard */ = {
			isa = PBXVariantGroup;
			children = (
				8BCD7AC6223B6A250016D8B7 /* Base */,
			);
			name = LaunchScreen.storyboard;
			sourceTree = "<group>";
		};
/* End PBXVariantGroup section */

/* Begin XCBuildConfiguration section */
		8BCD7AE1223B6A250016D8B7 /* Debug */ = {
			isa = XCBuildConfiguration;
			buildSettings = {
				ALWAYS_SEARCH_USER_PATHS = NO;
				CLANG_ANALYZER_NONNULL = YES;
				CLANG_ANALYZER_NUMBER_OBJECT_CONVERSION = YES_AGGRESSIVE;
				CLANG_CXX_LANGUAGE_STANDARD = "gnu++14";
				CLANG_CXX_LIBRARY = "libc++";
				CLANG_ENABLE_MODULES = YES;
				CLANG_ENABLE_OBJC_ARC = YES;
				CLANG_ENABLE_OBJC_WEAK = YES;
				CLANG_WARN_BLOCK_CAPTURE_AUTORELEASING = YES;
				CLANG_WARN_BOOL_CONVERSION = YES;
				CLANG_WARN_COMMA = YES;
				CLANG_WARN_CONSTANT_CONVERSION = YES;
				CLANG_WARN_DEPRECATED_OBJC_IMPLEMENTATIONS = YES;
				CLANG_WARN_DIRECT_OBJC_ISA_USAGE = YES_ERROR;
				CLANG_WARN_DOCUMENTATION_COMMENTS = YES;
				CLANG_WARN_EMPTY_BODY = YES;
				CLANG_WARN_ENUM_CONVERSION = YES;
				CLANG_WARN_INFINITE_RECURSION = YES;
				CLANG_WARN_INT_CONVERSION = YES;
				CLANG_WARN_NON_LITERAL_NULL_CONVERSION = YES;
				CLANG_WARN_OBJC_IMPLICIT_RETAIN_SELF = YES;
				CLANG_WARN_OBJC_LITERAL_CONVERSION = YES;
				CLANG_WARN_OBJC_ROOT_CLASS = YES_ERROR;
				CLANG_WARN_RANGE_LOOP_ANALYSIS = YES;
				CLANG_WARN_STRICT_PROTOTYPES = YES;
				CLANG_WARN_SUSPICIOUS_MOVE = YES;
				CLANG_WARN_UNGUARDED_AVAILABILITY = YES_AGGRESSIVE;
				CLANG_WARN_UNREACHABLE_CODE = YES;
				CLANG_WARN__DUPLICATE_METHOD_MATCH = YES;
				CODE_SIGN_IDENTITY = "iPhone Developer";
				COPY_PHASE_STRIP = NO;
				DEBUG_INFORMATION_FORMAT = dwarf;
				ENABLE_STRICT_OBJC_MSGSEND = YES;
				ENABLE_TESTABILITY = YES;
				GCC_C_LANGUAGE_STANDARD = gnu11;
				GCC_DYNAMIC_NO_PIC = NO;
				GCC_NO_COMMON_BLOCKS = YES;
				GCC_OPTIMIZATION_LEVEL = 0;
				GCC_PREPROCESSOR_DEFINITIONS = (
					"DEBUG=1",
					"$(inherited)",
				);
				GCC_WARN_64_TO_32_BIT_CONVERSION = YES;
				GCC_WARN_ABOUT_RETURN_TYPE = YES_ERROR;
				GCC_WARN_UNDECLARED_SELECTOR = YES;
				GCC_WARN_UNINITIALIZED_AUTOS = YES_AGGRESSIVE;
				GCC_WARN_UNUSED_FUNCTION = YES;
				GCC_WARN_UNUSED_VARIABLE = YES;
				IPHONEOS_DEPLOYMENT_TARGET = 12.1;
				MTL_ENABLE_DEBUG_INFO = INCLUDE_SOURCE;
				MTL_FAST_MATH = YES;
				ONLY_ACTIVE_ARCH = YES;
				SDKROOT = iphoneos;
			};
			name = Debug;
		};
		8BCD7AE2223B6A250016D8B7 /* Release */ = {
			isa = XCBuildConfiguration;
			buildSettings = {
				ALWAYS_SEARCH_USER_PATHS = NO;
				CLANG_ANALYZER_NONNULL = YES;
				CLANG_ANALYZER_NUMBER_OBJECT_CONVERSION = YES_AGGRESSIVE;
				CLANG_CXX_LANGUAGE_STANDARD = "gnu++14";
				CLANG_CXX_LIBRARY = "libc++";
				CLANG_ENABLE_MODULES = YES;
				CLANG_ENABLE_OBJC_ARC = YES;
				CLANG_ENABLE_OBJC_WEAK = YES;
				CLANG_WARN_BLOCK_CAPTURE_AUTORELEASING = YES;
				CLANG_WARN_BOOL_CONVERSION = YES;
				CLANG_WARN_COMMA = YES;
				CLANG_WARN_CONSTANT_CONVERSION = YES;
				CLANG_WARN_DEPRECATED_OBJC_IMPLEMENTATIONS = YES;
				CLANG_WARN_DIRECT_OBJC_ISA_USAGE = YES_ERROR;
				CLANG_WARN_DOCUMENTATION_COMMENTS = YES;
				CLANG_WARN_EMPTY_BODY = YES;
				CLANG_WARN_ENUM_CONVERSION = YES;
				CLANG_WARN_INFINITE_RECURSION = YES;
				CLANG_WARN_INT_CONVERSION = YES;
				CLANG_WARN_NON_LITERAL_NULL_CONVERSION = YES;
				CLANG_WARN_OBJC_IMPLICIT_RETAIN_SELF = YES;
				CLANG_WARN_OBJC_LITERAL_CONVERSION = YES;
				CLANG_WARN_OBJC_ROOT_CLASS = YES_ERROR;
				CLANG_WARN_RANGE_LOOP_ANALYSIS = YES;
				CLANG_WARN_STRICT_PROTOTYPES = YES;
				CLANG_WARN_SUSPICIOUS_MOVE = YES;
				CLANG_WARN_UNGUARDED_AVAILABILITY = YES_AGGRESSIVE;
				CLANG_WARN_UNREACHABLE_CODE = YES;
				CLANG_WARN__DUPLICATE_METHOD_MATCH = YES;
				CODE_SIGN_IDENTITY = "iPhone Developer";
				COPY_PHASE_STRIP = NO;
				DEBUG_INFORMATION_FORMAT = "dwarf-with-dsym";
				ENABLE_NS_ASSERTIONS = NO;
				ENABLE_STRICT_OBJC_MSGSEND = YES;
				GCC_C_LANGUAGE_STANDARD = gnu11;
				GCC_NO_COMMON_BLOCKS = YES;
				GCC_WARN_64_TO_32_BIT_CONVERSION = YES;
				GCC_WARN_ABOUT_RETURN_TYPE = YES_ERROR;
				GCC_WARN_UNDECLARED_SELECTOR = YES;
				GCC_WARN_UNINITIALIZED_AUTOS = YES_AGGRESSIVE;
				GCC_WARN_UNUSED_FUNCTION = YES;
				GCC_WARN_UNUSED_VARIABLE = YES;
				IPHONEOS_DEPLOYMENT_TARGET = 12.1;
				MTL_ENABLE_DEBUG_INFO = NO;
				MTL_FAST_MATH = YES;
				SDKROOT = iphoneos;
				VALIDATE_PRODUCT = YES;
			};
			name = Release;
		};
		8BCD7AE4223B6A250016D8B7 /* Debug */ = {
			isa = XCBuildConfiguration;
			buildSettings = {
				ASSETCATALOG_COMPILER_APPICON_NAME = AppIcon;
				CODE_SIGN_STYLE = Automatic;
				DEVELOPMENT_TEAM = DUBTL9M98H;
				INFOPLIST_FILE = DragNDropTest/Info.plist;
				IPHONEOS_DEPLOYMENT_TARGET = 11.3;
				LD_RUNPATH_SEARCH_PATHS = (
					"$(inherited)",
					"@executable_path/Frameworks",
				);
				PRODUCT_BUNDLE_IDENTIFIER = com.kluv.DragNDropTest;
				PRODUCT_NAME = "$(TARGET_NAME)";
				TARGETED_DEVICE_FAMILY = 1;
			};
			name = Debug;
		};
		8BCD7AE5223B6A250016D8B7 /* Release */ = {
			isa = XCBuildConfiguration;
			buildSettings = {
				ASSETCATALOG_COMPILER_APPICON_NAME = AppIcon;
				CODE_SIGN_STYLE = Automatic;
				DEVELOPMENT_TEAM = DUBTL9M98H;
				INFOPLIST_FILE = DragNDropTest/Info.plist;
				IPHONEOS_DEPLOYMENT_TARGET = 11.3;
				LD_RUNPATH_SEARCH_PATHS = (
					"$(inherited)",
					"@executable_path/Frameworks",
				);
				PRODUCT_BUNDLE_IDENTIFIER = com.kluv.DragNDropTest;
				PRODUCT_NAME = "$(TARGET_NAME)";
				TARGETED_DEVICE_FAMILY = 1;
			};
			name = Release;
		};
		8BCD7AE7223B6A250016D8B7 /* Debug */ = {
			isa = XCBuildConfiguration;
			buildSettings = {
				BUNDLE_LOADER = "$(TEST_HOST)";
				CODE_SIGN_STYLE = Automatic;
				INFOPLIST_FILE = DragNDropTestTests/Info.plist;
				LD_RUNPATH_SEARCH_PATHS = (
					"$(inherited)",
					"@executable_path/Frameworks",
					"@loader_path/Frameworks",
				);
				PRODUCT_BUNDLE_IDENTIFIER = com.kluv.DragNDropTestTests;
				PRODUCT_NAME = "$(TARGET_NAME)";
				TARGETED_DEVICE_FAMILY = "1,2";
				TEST_HOST = "$(BUILT_PRODUCTS_DIR)/DragNDropTest.app/DragNDropTest";
			};
			name = Debug;
		};
		8BCD7AE8223B6A250016D8B7 /* Release */ = {
			isa = XCBuildConfiguration;
			buildSettings = {
				BUNDLE_LOADER = "$(TEST_HOST)";
				CODE_SIGN_STYLE = Automatic;
				INFOPLIST_FILE = DragNDropTestTests/Info.plist;
				LD_RUNPATH_SEARCH_PATHS = (
					"$(inherited)",
					"@executable_path/Frameworks",
					"@loader_path/Frameworks",
				);
				PRODUCT_BUNDLE_IDENTIFIER = com.kluv.DragNDropTestTests;
				PRODUCT_NAME = "$(TARGET_NAME)";
				TARGETED_DEVICE_FAMILY = "1,2";
				TEST_HOST = "$(BUILT_PRODUCTS_DIR)/DragNDropTest.app/DragNDropTest";
			};
			name = Release;
		};
		8BCD7AEA223B6A250016D8B7 /* Debug */ = {
			isa = XCBuildConfiguration;
			buildSettings = {
				CODE_SIGN_STYLE = Automatic;
				INFOPLIST_FILE = DragNDropTestUITests/Info.plist;
				LD_RUNPATH_SEARCH_PATHS = (
					"$(inherited)",
					"@executable_path/Frameworks",
					"@loader_path/Frameworks",
				);
				PRODUCT_BUNDLE_IDENTIFIER = com.kluv.DragNDropTestUITests;
				PRODUCT_NAME = "$(TARGET_NAME)";
				TARGETED_DEVICE_FAMILY = "1,2";
				TEST_TARGET_NAME = DragNDropTest;
			};
			name = Debug;
		};
		8BCD7AEB223B6A250016D8B7 /* Release */ = {
			isa = XCBuildConfiguration;
			buildSettings = {
				CODE_SIGN_STYLE = Automatic;
				INFOPLIST_FILE = DragNDropTestUITests/Info.plist;
				LD_RUNPATH_SEARCH_PATHS = (
					"$(inherited)",
					"@executable_path/Frameworks",
					"@loader_path/Frameworks",
				);
				PRODUCT_BUNDLE_IDENTIFIER = com.kluv.DragNDropTestUITests;
				PRODUCT_NAME = "$(TARGET_NAME)";
				TARGETED_DEVICE_FAMILY = "1,2";
				TEST_TARGET_NAME = DragNDropTest;
			};
			name = Release;
		};
/* End XCBuildConfiguration section */

/* Begin XCConfigurationList section */
		8BCD7AB2223B6A1F0016D8B7 /* Build configuration list for PBXProject "DragNDropTest" */ = {
			isa = XCConfigurationList;
			buildConfigurations = (
				8BCD7AE1223B6A250016D8B7 /* Debug */,
				8BCD7AE2223B6A250016D8B7 /* Release */,
			);
			defaultConfigurationIsVisible = 0;
			defaultConfigurationName = Release;
		};
		8BCD7AE3223B6A250016D8B7 /* Build configuration list for PBXNativeTarget "DragNDropTest" */ = {
			isa = XCConfigurationList;
			buildConfigurations = (
				8BCD7AE4223B6A250016D8B7 /* Debug */,
				8BCD7AE5223B6A250016D8B7 /* Release */,
			);
			defaultConfigurationIsVisible = 0;
			defaultConfigurationName = Release;
		};
		8BCD7AE6223B6A250016D8B7 /* Build configuration list for PBXNativeTarget "DragNDropTestTests" */ = {
			isa = XCConfigurationList;
			buildConfigurations = (
				8BCD7AE7223B6A250016D8B7 /* Debug */,
				8BCD7AE8223B6A250016D8B7 /* Release */,
			);
			defaultConfigurationIsVisible = 0;
			defaultConfigurationName = Release;
		};
		8BCD7AE9223B6A250016D8B7 /* Build configuration list for PBXNativeTarget "DragNDropTestUITests" */ = {
			isa = XCConfigurationList;
			buildConfigurations = (
				8BCD7AEA223B6A250016D8B7 /* Debug */,
				8BCD7AEB223B6A250016D8B7 /* Release */,
			);
			defaultConfigurationIsVisible = 0;
			defaultConfigurationName = Release;
		};
/* End XCConfigurationList section */
	};
	rootObject = 8BCD7AAF223B6A1F0016D8B7 /* Project object */;
}
